
Microsoft Visual Studio Solution File, Format Version 12.00
# Visual Studio Version 16
VisualStudioVersion = 16.0.31911.196
MinimumVisualStudioVersion = 10.0.40219.1
Project("{FAE04EC0-301F-11D3-BF4B-00C04F79EFBC}") = "BuiltInAnnotationsApp", "BuiltInAnnotationsApp\BuiltInAnnotationsApp.csproj", "{67EEF212-A309-4072-BCD5-59A3981FF199}"
EndProject
Project("{FAE04EC0-301F-11D3-BF4B-00C04F79EFBC}") = "DBApp", "DBApp\DBApp.csproj", "{2C144AA0-9995-48A1-AF07-0CF23BE0BDFD}"
EndProject
Project("{FAE04EC0-301F-11D3-BF4B-00C04F79EFBC}") = "ProductDBApp", "ProductDBApp\ProductDBApp.csproj", "{AD99B4FB-B680-4963-B325-8E5A01E0DEB7}"
EndProject
Global
	GlobalSection(SolutionConfigurationPlatforms) = preSolution
		Debug|Any CPU = Debug|Any CPU
		Release|Any CPU = Release|Any CPU
	EndGlobalSection
	GlobalSection(ProjectConfigurationPlatforms) = postSolution
		{67EEF212-A309-4072-BCD5-59A3981FF199}.Debug|Any CPU.ActiveCfg = Debug|Any CPU
		{67EEF212-A309-4072-BCD5-59A3981FF199}.Debug|Any CPU.Build.0 = Debug|Any CPU
		{67EEF212-A309-4072-BCD5-59A3981FF199}.Release|Any CPU.ActiveCfg = Release|Any CPU
		{67EEF212-A309-4072-BCD5-59A3981FF199}.Release|Any CPU.Build.0 = Release|Any CPU
		{2C144AA0-9995-48A1-AF07-0CF23BE0BDFD}.Debug|Any CPU.ActiveCfg = Debug|Any CPU
		{2C144AA0-9995-48A1-AF07-0CF23BE0BDFD}.Debug|Any CPU.Build.0 = Debug|Any CPU
		{2C144AA0-9995-48A1-AF07-0CF23BE0BDFD}.Release|Any CPU.ActiveCfg = Release|Any CPU
		{2C144AA0-9995-48A1-AF07-0CF23BE0BDFD}.Release|Any CPU.Build.0 = Release|Any CPU
		{AD99B4FB-B680-4963-B325-8E5A01E0DEB7}.Debug|Any CPU.ActiveCfg = Debug|Any CPU
		{AD99B4FB-B680-4963-B325-8E5A01E0DEB7}.Debug|Any CPU.Build.0 = Debug|Any CPU
		{AD99B4FB-B680-4963-B325-8E5A01E0DEB7}.Release|Any CPU.ActiveCfg = Release|Any CPU
		{AD99B4FB-B680-4963-B325-8E5A01E0DEB7}.Release|Any CPU.Build.0 = Release|Any CPU
	EndGlobalSection
	GlobalSection(SolutionProperties) = preSolution
		HideSolutionNode = FALSE
	EndGlobalSection
	GlobalSection(ExtensibilityGlobals) = postSolution
		SolutionGuid = {7315A5DD-8CC4-49CF-B303-930E8C64BE4A}
	EndGlobalSection
EndGlobal
